// !$*UTF8*$!
{
	archiveVersion = 1;
	classes = {
	};
	objectVersion = 55;
	objects = {

/* Begin PBXBuildFile section */
		AD24F0D42679314F00CB5234 /* TestingAsyncAwaitApp.swift in Sources */ = {isa = PBXBuildFile; fileRef = AD24F0D32679314F00CB5234 /* TestingAsyncAwaitApp.swift */; };
		AD24F0D62679314F00CB5234 /* ContentView.swift in Sources */ = {isa = PBXBuildFile; fileRef = AD24F0D52679314F00CB5234 /* ContentView.swift */; };
		AD24F0D82679315100CB5234 /* Assets.xcassets in Resources */ = {isa = PBXBuildFile; fileRef = AD24F0D72679315100CB5234 /* Assets.xcassets */; };
		AD24F0DB2679315100CB5234 /* Preview Assets.xcassets in Resources */ = {isa = PBXBuildFile; fileRef = AD24F0DA2679315100CB5234 /* Preview Assets.xcassets */; };
		AD24F0E52679315100CB5234 /* TestingAsyncAwaitTests.swift in Sources */ = {isa = PBXBuildFile; fileRef = AD24F0E42679315100CB5234 /* TestingAsyncAwaitTests.swift */; };
		AD24F0EF2679315100CB5234 /* TestingAsyncAwaitUITests.swift in Sources */ = {isa = PBXBuildFile; fileRef = AD24F0EE2679315100CB5234 /* TestingAsyncAwaitUITests.swift */; };
/* End PBXBuildFile section */

/* Begin PBXContainerItemProxy section */
		AD24F0E12679315100CB5234 /* PBXContainerItemProxy */ = {
			isa = PBXContainerItemProxy;
			containerPortal = AD24F0C82679314F00CB5234 /* Project object */;
			proxyType = 1;
			remoteGlobalIDString = AD24F0CF2679314F00CB5234;
			remoteInfo = TestingAsyncAwait;
		};
		AD24F0EB2679315100CB5234 /* PBXContainerItemProxy */ = {
			isa = PBXContainerItemProxy;
			containerPortal = AD24F0C82679314F00CB5234 /* Project object */;
			proxyType = 1;
			remoteGlobalIDString = AD24F0CF2679314F00CB5234;
			remoteInfo = TestingAsyncAwait;
		};
/* End PBXContainerItemProxy section */

/* Begin PBXFileReference section */
		AD24F0D02679314F00CB5234 /* TestingAsyncAwait.app */ = {isa = PBXFileReference; explicitFileType = wrapper.application; includeInIndex = 0; path = TestingAsyncAwait.app; sourceTree = BUILT_PRODUCTS_DIR; };
		AD24F0D32679314F00CB5234 /* TestingAsyncAwaitApp.swift */ = {isa = PBXFileReference; lastKnownFileType = sourcecode.swift; path = TestingAsyncAwaitApp.swift; sourceTree = "<group>"; };
		AD24F0D52679314F00CB5234 /* ContentView.swift */ = {isa = PBXFileReference; lastKnownFileType = sourcecode.swift; path = ContentView.swift; sourceTree = "<group>"; };
		AD24F0D72679315100CB5234 /* Assets.xcassets */ = {isa = PBXFileReference; lastKnownFileType = folder.assetcatalog; path = Assets.xcassets; sourceTree = "<group>"; };
		AD24F0DA2679315100CB5234 /* Preview Assets.xcassets */ = {isa = PBXFileReference; lastKnownFileType = folder.assetcatalog; path = "Preview Assets.xcassets"; sourceTree = "<group>"; };
		AD24F0E02679315100CB5234 /* TestingAsyncAwaitTests.xctest */ = {isa = PBXFileReference; explicitFileType = wrapper.cfbundle; includeInIndex = 0; path = TestingAsyncAwaitTests.xctest; sourceTree = BUILT_PRODUCTS_DIR; };
		AD24F0E42679315100CB5234 /* TestingAsyncAwaitTests.swift */ = {isa = PBXFileReference; lastKnownFileType = sourcecode.swift; path = TestingAsyncAwaitTests.swift; sourceTree = "<group>"; };
		AD24F0EA2679315100CB5234 /* TestingAsyncAwaitUITests.xctest */ = {isa = PBXFileReference; explicitFileType = wrapper.cfbundle; includeInIndex = 0; path = TestingAsyncAwaitUITests.xctest; sourceTree = BUILT_PRODUCTS_DIR; };
		AD24F0EE2679315100CB5234 /* TestingAsyncAwaitUITests.swift */ = {isa = PBXFileReference; lastKnownFileType = sourcecode.swift; path = TestingAsyncAwaitUITests.swift; sourceTree = "<group>"; };
/* End PBXFileReference section */

/* Begin PBXFrameworksBuildPhase section */
		AD24F0CD2679314F00CB5234 /* Frameworks */ = {
			isa = PBXFrameworksBuildPhase;
			buildActionMask = 2147483647;
			files = (
			);
			runOnlyForDeploymentPostprocessing = 0;
		};
		AD24F0DD2679315100CB5234 /* Frameworks */ = {
			isa = PBXFrameworksBuildPhase;
			buildActionMask = 2147483647;
			files = (
			);
			runOnlyForDeploymentPostprocessing = 0;
		};
		AD24F0E72679315100CB5234 /* Frameworks */ = {
			isa = PBXFrameworksBuildPhase;
			buildActionMask = 2147483647;
			files = (
			);
			runOnlyForDeploymentPostprocessing = 0;
		};
/* End PBXFrameworksBuildPhase section */

/* Begin PBXGroup section */
		AD24F0C72679314F00CB5234 = {
			isa = PBXGroup;
			children = (
				AD24F0D22679314F00CB5234 /* TestingAsyncAwait */,
				AD24F0E32679315100CB5234 /* TestingAsyncAwaitTests */,
				AD24F0ED2679315100CB5234 /* TestingAsyncAwaitUITests */,
				AD24F0D12679314F00CB5234 /* Products */,
			);
			sourceTree = "<group>";
		};
		AD24F0D12679314F00CB5234 /* Products */ = {
			isa = PBXGroup;
			children = (
				AD24F0D02679314F00CB5234 /* TestingAsyncAwait.app */,
				AD24F0E02679315100CB5234 /* TestingAsyncAwaitTests.xctest */,
				AD24F0EA2679315100CB5234 /* TestingAsyncAwaitUITests.xctest */,
			);
			name = Products;
			sourceTree = "<group>";
		};
		AD24F0D22679314F00CB5234 /* TestingAsyncAwait */ = {
			isa = PBXGroup;
			children = (
				AD24F0D32679314F00CB5234 /* TestingAsyncAwaitApp.swift */,
				AD24F0D52679314F00CB5234 /* ContentView.swift */,
				AD24F0D72679315100CB5234 /* Assets.xcassets */,
				AD24F0D92679315100CB5234 /* Preview Content */,
			);
			path = TestingAsyncAwait;
			sourceTree = "<group>";
		};
		AD24F0D92679315100CB5234 /* Preview Content */ = {
			isa = PBXGroup;
			children = (
				AD24F0DA2679315100CB5234 /* Preview Assets.xcassets */,
			);
			path = "Preview Content";
			sourceTree = "<group>";
		};
		AD24F0E32679315100CB5234 /* TestingAsyncAwaitTests */ = {
			isa = PBXGroup;
			children = (
				AD24F0E42679315100CB5234 /* TestingAsyncAwaitTests.swift */,
			);
			path = TestingAsyncAwaitTests;
			sourceTree = "<group>";
		};
		AD24F0ED2679315100CB5234 /* TestingAsyncAwaitUITests */ = {
			isa = PBXGroup;
			children = (
				AD24F0EE2679315100CB5234 /* TestingAsyncAwaitUITests.swift */,
			);
			path = TestingAsyncAwaitUITests;
			sourceTree = "<group>";
		};
/* End PBXGroup section */

/* Begin PBXNativeTarget section */
		AD24F0CF2679314F00CB5234 /* TestingAsyncAwait */ = {
			isa = PBXNativeTarget;
			buildConfigurationList = AD24F0F22679315100CB5234 /* Build configuration list for PBXNativeTarget "TestingAsyncAwait" */;
			buildPhases = (
				AD24F0CC2679314F00CB5234 /* Sources */,
				AD24F0CD2679314F00CB5234 /* Frameworks */,
				AD24F0CE2679314F00CB5234 /* Resources */,
			);
			buildRules = (
			);
			dependencies = (
			);
			name = TestingAsyncAwait;
			productName = TestingAsyncAwait;
			productReference = AD24F0D02679314F00CB5234 /* TestingAsyncAwait.app */;
			productType = "com.apple.product-type.application";
		};
		AD24F0DF2679315100CB5234 /* TestingAsyncAwaitTests */ = {
			isa = PBXNativeTarget;
			buildConfigurationList = AD24F0F52679315100CB5234 /* Build configuration list for PBXNativeTarget "TestingAsyncAwaitTests" */;
			buildPhases = (
				AD24F0DC2679315100CB5234 /* Sources */,
				AD24F0DD2679315100CB5234 /* Frameworks */,
				AD24F0DE2679315100CB5234 /* Resources */,
			);
			buildRules = (
			);
			dependencies = (
				AD24F0E22679315100CB5234 /* PBXTargetDependency */,
			);
			name = TestingAsyncAwaitTests;
			productName = TestingAsyncAwaitTests;
			productReference = AD24F0E02679315100CB5234 /* TestingAsyncAwaitTests.xctest */;
			productType = "com.apple.product-type.bundle.unit-test";
		};
		AD24F0E92679315100CB5234 /* TestingAsyncAwaitUITests */ = {
			isa = PBXNativeTarget;
			buildConfigurationList = AD24F0F82679315100CB5234 /* Build configuration list for PBXNativeTarget "TestingAsyncAwaitUITests" */;
			buildPhases = (
				AD24F0E62679315100CB5234 /* Sources */,
				AD24F0E72679315100CB5234 /* Frameworks */,
				AD24F0E82679315100CB5234 /* Resources */,
			);
			buildRules = (
			);
			dependencies = (
				AD24F0EC2679315100CB5234 /* PBXTargetDependency */,
			);
			name = TestingAsyncAwaitUITests;
			productName = TestingAsyncAwaitUITests;
			productReference = AD24F0EA2679315100CB5234 /* TestingAsyncAwaitUITests.xctest */;
			productType = "com.apple.product-type.bundle.ui-testing";
		};
/* End PBXNativeTarget section */

/* Begin PBXProject section */
		AD24F0C82679314F00CB5234 /* Project object */ = {
			isa = PBXProject;
			attributes = {
				BuildIndependentTargetsInParallel = 1;
				LastSwiftUpdateCheck = 1300;
				LastUpgradeCheck = 1300;
				TargetAttributes = {
					AD24F0CF2679314F00CB5234 = {
						CreatedOnToolsVersion = 13.0;
					};
					AD24F0DF2679315100CB5234 = {
						CreatedOnToolsVersion = 13.0;
						TestTargetID = AD24F0CF2679314F00CB5234;
					};
					AD24F0E92679315100CB5234 = {
						CreatedOnToolsVersion = 13.0;
						TestTargetID = AD24F0CF2679314F00CB5234;
					};
				};
			};
			buildConfigurationList = AD24F0CB2679314F00CB5234 /* Build configuration list for PBXProject "TestingAsyncAwait" */;
			compatibilityVersion = "Xcode 13.0";
			developmentRegion = en;
			hasScannedForEncodings = 0;
			knownRegions = (
				en,
				Base,
			);
			mainGroup = AD24F0C72679314F00CB5234;
			productRefGroup = AD24F0D12679314F00CB5234 /* Products */;
			projectDirPath = "";
			projectRoot = "";
			targets = (
				AD24F0CF2679314F00CB5234 /* TestingAsyncAwait */,
				AD24F0DF2679315100CB5234 /* TestingAsyncAwaitTests */,
				AD24F0E92679315100CB5234 /* TestingAsyncAwaitUITests */,
			);
		};
/* End PBXProject section */

/* Begin PBXResourcesBuildPhase section */
		AD24F0CE2679314F00CB5234 /* Resources */ = {
			isa = PBXResourcesBuildPhase;
			buildActionMask = 2147483647;
			files = (
				AD24F0DB2679315100CB5234 /* Preview Assets.xcassets in Resources */,
				AD24F0D82679315100CB5234 /* Assets.xcassets in Resources */,
			);
			runOnlyForDeploymentPostprocessing = 0;
		};
		AD24F0DE2679315100CB5234 /* Resources */ = {
			isa = PBXResourcesBuildPhase;
			buildActionMask = 2147483647;
			files = (
			);
			runOnlyForDeploymentPostprocessing = 0;
		};
		AD24F0E82679315100CB5234 /* Resources */ = {
			isa = PBXResourcesBuildPhase;
			buildActionMask = 2147483647;
			files = (
			);
			runOnlyForDeploymentPostprocessing = 0;
		};
/* End PBXResourcesBuildPhase section */

/* Begin PBXSourcesBuildPhase section */
		AD24F0CC2679314F00CB5234 /* Sources */ = {
			isa = PBXSourcesBuildPhase;
			buildActionMask = 2147483647;
			files = (
				AD24F0D62679314F00CB5234 /* ContentView.swift in Sources */,
				AD24F0D42679314F00CB5234 /* TestingAsyncAwaitApp.swift in Sources */,
			);
			runOnlyForDeploymentPostprocessing = 0;
		};
		AD24F0DC2679315100CB5234 /* Sources */ = {
			isa = PBXSourcesBuildPhase;
			buildActionMask = 2147483647;
			files = (
				AD24F0E52679315100CB5234 /* TestingAsyncAwaitTests.swift in Sources */,
			);
			runOnlyForDeploymentPostprocessing = 0;
		};
		AD24F0E62679315100CB5234 /* Sources */ = {
			isa = PBXSourcesBuildPhase;
			buildActionMask = 2147483647;
			files = (
				AD24F0EF2679315100CB5234 /* TestingAsyncAwaitUITests.swift in Sources */,
			);
			runOnlyForDeploymentPostprocessing = 0;
		};
/* End PBXSourcesBuildPhase section */

/* Begin PBXTargetDependency section */
		AD24F0E22679315100CB5234 /* PBXTargetDependency */ = {
			isa = PBXTargetDependency;
			target = AD24F0CF2679314F00CB5234 /* TestingAsyncAwait */;
			targetProxy = AD24F0E12679315100CB5234 /* PBXContainerItemProxy */;
		};
		AD24F0EC2679315100CB5234 /* PBXTargetDependency */ = {
			isa = PBXTargetDependency;
			target = AD24F0CF2679314F00CB5234 /* TestingAsyncAwait */;
			targetProxy = AD24F0EB2679315100CB5234 /* PBXContainerItemProxy */;
		};
/* End PBXTargetDependency section */

/* Begin XCBuildConfiguration section */
		AD24F0F02679315100CB5234 /* Debug */ = {
			isa = XCBuildConfiguration;
			buildSettings = {
				ALWAYS_SEARCH_USER_PATHS = NO;
				CLANG_ANALYZER_NONNULL = YES;
				CLANG_ANALYZER_NUMBER_OBJECT_CONVERSION = YES_AGGRESSIVE;
				CLANG_CXX_LANGUAGE_STANDARD = "gnu++14";
				CLANG_CXX_LIBRARY = "libc++";
				CLANG_ENABLE_MODULES = YES;
				CLANG_ENABLE_OBJC_ARC = YES;
				CLANG_ENABLE_OBJC_WEAK = YES;
				CLANG_WARN_BLOCK_CAPTURE_AUTORELEASING = YES;
				CLANG_WARN_BOOL_CONVERSION = YES;
				CLANG_WARN_COMMA = YES;
				CLANG_WARN_CONSTANT_CONVERSION = YES;
				CLANG_WARN_DEPRECATED_OBJC_IMPLEMENTATIONS = YES;
				CLANG_WARN_DIRECT_OBJC_ISA_USAGE = YES_ERROR;
				CLANG_WARN_DOCUMENTATION_COMMENTS = YES;
				CLANG_WARN_EMPTY_BODY = YES;
				CLANG_WARN_ENUM_CONVERSION = YES;
				CLANG_WARN_INFINITE_RECURSION = YES;
				CLANG_WARN_INT_CONVERSION = YES;
				CLANG_WARN_NON_LITERAL_NULL_CONVERSION = YES;
				CLANG_WARN_OBJC_IMPLICIT_RETAIN_SELF = YES;
				CLANG_WARN_OBJC_LITERAL_CONVERSION = YES;
				CLANG_WARN_OBJC_ROOT_CLASS = YES_ERROR;
				CLANG_WARN_QUOTED_INCLUDE_IN_FRAMEWORK_HEADER = YES;
				CLANG_WARN_RANGE_LOOP_ANALYSIS = YES;
				CLANG_WARN_STRICT_PROTOTYPES = YES;
				CLANG_WARN_SUSPICIOUS_MOVE = YES;
				CLANG_WARN_UNGUARDED_AVAILABILITY = YES_AGGRESSIVE;
				CLANG_WARN_UNREACHABLE_CODE = YES;
				CLANG_WARN__DUPLICATE_METHOD_MATCH = YES;
				COPY_PHASE_STRIP = NO;
				DEBUG_INFORMATION_FORMAT = dwarf;
				ENABLE_STRICT_OBJC_MSGSEND = YES;
				ENABLE_TESTABILITY = YES;
				GCC_C_LANGUAGE_STANDARD = gnu11;
				GCC_DYNAMIC_NO_PIC = NO;
				GCC_NO_COMMON_BLOCKS = YES;
				GCC_OPTIMIZATION_LEVEL = 0;
				GCC_PREPROCESSOR_DEFINITIONS = (
					"DEBUG=1",
					"$(inherited)",
				);
				GCC_WARN_64_TO_32_BIT_CONVERSION = YES;
				GCC_WARN_ABOUT_RETURN_TYPE = YES_ERROR;
				GCC_WARN_UNDECLARED_SELECTOR = YES;
				GCC_WARN_UNINITIALIZED_AUTOS = YES_AGGRESSIVE;
				GCC_WARN_UNUSED_FUNCTION = YES;
				GCC_WARN_UNUSED_VARIABLE = YES;
				IPHONEOS_DEPLOYMENT_TARGET = 15.0;
				MTL_ENABLE_DEBUG_INFO = INCLUDE_SOURCE;
				MTL_FAST_MATH = YES;
				ONLY_ACTIVE_ARCH = YES;
				SDKROOT = iphoneos;
				SWIFT_ACTIVE_COMPILATION_CONDITIONS = DEBUG;
				SWIFT_OPTIMIZATION_LEVEL = "-Onone";
			};
			name = Debug;
		};
		AD24F0F12679315100CB5234 /* Release */ = {
			isa = XCBuildConfiguration;
			buildSettings = {
				ALWAYS_SEARCH_USER_PATHS = NO;
				CLANG_ANALYZER_NONNULL = YES;
				CLANG_ANALYZER_NUMBER_OBJECT_CONVERSION = YES_AGGRESSIVE;
				CLANG_CXX_LANGUAGE_STANDARD = "gnu++14";
				CLANG_CXX_LIBRARY = "libc++";
				CLANG_ENABLE_MODULES = YES;
				CLANG_ENABLE_OBJC_ARC = YES;
				CLANG_ENABLE_OBJC_WEAK = YES;
				CLANG_WARN_BLOCK_CAPTURE_AUTORELEASING = YES;
				CLANG_WARN_BOOL_CONVERSION = YES;
				CLANG_WARN_COMMA = YES;
				CLANG_WARN_CONSTANT_CONVERSION = YES;
				CLANG_WARN_DEPRECATED_OBJC_IMPLEMENTATIONS = YES;
				CLANG_WARN_DIRECT_OBJC_ISA_USAGE = YES_ERROR;
				CLANG_WARN_DOCUMENTATION_COMMENTS = YES;
				CLANG_WARN_EMPTY_BODY = YES;
				CLANG_WARN_ENUM_CONVERSION = YES;
				CLANG_WARN_INFINITE_RECURSION = YES;
				CLANG_WARN_INT_CONVERSION = YES;
				CLANG_WARN_NON_LITERAL_NULL_CONVERSION = YES;
				CLANG_WARN_OBJC_IMPLICIT_RETAIN_SELF = YES;
				CLANG_WARN_OBJC_LITERAL_CONVERSION = YES;
				CLANG_WARN_OBJC_ROOT_CLASS = YES_ERROR;
				CLANG_WARN_QUOTED_INCLUDE_IN_FRAMEWORK_HEADER = YES;
				CLANG_WARN_RANGE_LOOP_ANALYSIS = YES;
				CLANG_WARN_STRICT_PROTOTYPES = YES;
				CLANG_WARN_SUSPICIOUS_MOVE = YES;
				CLANG_WARN_UNGUARDED_AVAILABILITY = YES_AGGRESSIVE;
				CLANG_WARN_UNREACHABLE_CODE = YES;
				CLANG_WARN__DUPLICATE_METHOD_MATCH = YES;
				COPY_PHASE_STRIP = NO;
				DEBUG_INFORMATION_FORMAT = "dwarf-with-dsym";
				ENABLE_NS_ASSERTIONS = NO;
				ENABLE_STRICT_OBJC_MSGSEND = YES;
				GCC_C_LANGUAGE_STANDARD = gnu11;
				GCC_NO_COMMON_BLOCKS = YES;
				GCC_WARN_64_TO_32_BIT_CONVERSION = YES;
				GCC_WARN_ABOUT_RETURN_TYPE = YES_ERROR;
				GCC_WARN_UNDECLARED_SELECTOR = YES;
				GCC_WARN_UNINITIALIZED_AUTOS = YES_AGGRESSIVE;
				GCC_WARN_UNUSED_FUNCTION = YES;
				GCC_WARN_UNUSED_VARIABLE = YES;
				IPHONEOS_DEPLOYMENT_TARGET = 15.0;
				MTL_ENABLE_DEBUG_INFO = NO;
				MTL_FAST_MATH = YES;
				SDKROOT = iphoneos;
				SWIFT_COMPILATION_MODE = wholemodule;
				SWIFT_OPTIMIZATION_LEVEL = "-O";
				VALIDATE_PRODUCT = YES;
			};
			name = Release;
		};
		AD24F0F32679315100CB5234 /* Debug */ = {
			isa = XCBuildConfiguration;
			buildSettings = {
				ASSETCATALOG_COMPILER_APPICON_NAME = AppIcon;
				ASSETCATALOG_COMPILER_GLOBAL_ACCENT_COLOR_NAME = AccentColor;
				CODE_SIGN_STYLE = Automatic;
				CURRENT_PROJECT_VERSION = 1;
				DEVELOPMENT_ASSET_PATHS = "\"TestingAsyncAwait/Preview Content\"";
				DEVELOPMENT_TEAM = K9T2L78MAL;
				ENABLE_PREVIEWS = YES;
				GENERATE_INFOPLIST_FILE = YES;
				INFOPLIST_KEY_UIApplicationSceneManifest_Generation = YES;
				INFOPLIST_KEY_UIApplicationSupportsIndirectInputEvents = YES;
				INFOPLIST_KEY_UILaunchScreen_Generation = YES;
				INFOPLIST_KEY_UISupportedInterfaceOrientations_iPad = "UIInterfaceOrientationPortrait UIInterfaceOrientationPortraitUpsideDown UIInterfaceOrientationLandscapeLeft UIInterfaceOrientationLandscapeRight";
				INFOPLIST_KEY_UISupportedInterfaceOrientations_iPhone = "UIInterfaceOrientationPortrait UIInterfaceOrientationLandscapeLeft UIInterfaceOrientationLandscapeRight";
				IPHONEOS_DEPLOYMENT_TARGET = 14.0;
				LD_RUNPATH_SEARCH_PATHS = (
					"$(inherited)",
					"@executable_path/Frameworks",
				);
				MARKETING_VERSION = 1.0;
				PRODUCT_BUNDLE_IDENTIFIER = com.wwt.TestingAsyncAwait;
				PRODUCT_NAME = "$(TARGET_NAME)";
				SWIFT_EMIT_LOC_STRINGS = YES;
				SWIFT_VERSION = 5.0;
				TARGETED_DEVICE_FAMILY = "1,2";
			};
			name = Debug;
		};
		AD24F0F42679315100CB5234 /* Release */ = {
			isa = XCBuildConfiguration;
			buildSettings = {
				ASSETCATALOG_COMPILER_APPICON_NAME = AppIcon;
				ASSETCATALOG_COMPILER_GLOBAL_ACCENT_COLOR_NAME = AccentColor;
				CODE_SIGN_STYLE = Automatic;
				CURRENT_PROJECT_VERSION = 1;
				DEVELOPMENT_ASSET_PATHS = "\"TestingAsyncAwait/Preview Content\"";
				DEVELOPMENT_TEAM = K9T2L78MAL;
				ENABLE_PREVIEWS = YES;
				GENERATE_INFOPLIST_FILE = YES;
				INFOPLIST_KEY_UIApplicationSceneManifest_Generation = YES;
				INFOPLIST_KEY_UIApplicationSupportsIndirectInputEvents = YES;
				INFOPLIST_KEY_UILaunchScreen_Generation = YES;
				INFOPLIST_KEY_UISupportedInterfaceOrientations_iPad = "UIInterfaceOrientationPortrait UIInterfaceOrientationPortraitUpsideDown UIInterfaceOrientationLandscapeLeft UIInterfaceOrientationLandscapeRight";
				INFOPLIST_KEY_UISupportedInterfaceOrientations_iPhone = "UIInterfaceOrientationPortrait UIInterfaceOrientationLandscapeLeft UIInterfaceOrientationLandscapeRight";
				IPHONEOS_DEPLOYMENT_TARGET = 14.0;
				LD_RUNPATH_SEARCH_PATHS = (
					"$(inherited)",
					"@executable_path/Frameworks",
				);
				MARKETING_VERSION = 1.0;
				PRODUCT_BUNDLE_IDENTIFIER = com.wwt.TestingAsyncAwait;
				PRODUCT_NAME = "$(TARGET_NAME)";
				SWIFT_EMIT_LOC_STRINGS = YES;
				SWIFT_VERSION = 5.0;
				TARGETED_DEVICE_FAMILY = "1,2";
			};
			name = Release;
		};
		AD24F0F62679315100CB5234 /* Debug */ = {
			isa = XCBuildConfiguration;
			buildSettings = {
				ALWAYS_EMBED_SWIFT_STANDARD_LIBRARIES = YES;
				BUNDLE_LOADER = "$(TEST_HOST)";
				CODE_SIGN_STYLE = Automatic;
				CURRENT_PROJECT_VERSION = 1;
				DEVELOPMENT_TEAM = K9T2L78MAL;
				GENERATE_INFOPLIST_FILE = YES;
				IPHONEOS_DEPLOYMENT_TARGET = 14.0;
				LD_RUNPATH_SEARCH_PATHS = (
					"$(inherited)",
					"@executable_path/Frameworks",
					"@loader_path/Frameworks",
				);
				MARKETING_VERSION = 1.0;
				PRODUCT_BUNDLE_IDENTIFIER = com.wwt.TestingAsyncAwaitTests;
				PRODUCT_NAME = "$(TARGET_NAME)";
				SWIFT_EMIT_LOC_STRINGS = NO;
				SWIFT_VERSION = 5.0;
				TARGETED_DEVICE_FAMILY = "1,2";
				TEST_HOST = "$(BUILT_PRODUCTS_DIR)/TestingAsyncAwait.app/TestingAsyncAwait";
			};
			name = Debug;
		};
		AD24F0F72679315100CB5234 /* Release */ = {
			isa = XCBuildConfiguration;
			buildSettings = {
				ALWAYS_EMBED_SWIFT_STANDARD_LIBRARIES = YES;
				BUNDLE_LOADER = "$(TEST_HOST)";
				CODE_SIGN_STYLE = Automatic;
				CURRENT_PROJECT_VERSION = 1;
				DEVELOPMENT_TEAM = K9T2L78MAL;
				GENERATE_INFOPLIST_FILE = YES;
				IPHONEOS_DEPLOYMENT_TARGET = 14.0;
				LD_RUNPATH_SEARCH_PATHS = (
					"$(inherited)",
					"@executable_path/Frameworks",
					"@loader_path/Frameworks",
				);
				MARKETING_VERSION = 1.0;
				PRODUCT_BUNDLE_IDENTIFIER = com.wwt.TestingAsyncAwaitTests;
				PRODUCT_NAME = "$(TARGET_NAME)";
				SWIFT_EMIT_LOC_STRINGS = NO;
				SWIFT_VERSION = 5.0;
				TARGETED_DEVICE_FAMILY = "1,2";
				TEST_HOST = "$(BUILT_PRODUCTS_DIR)/TestingAsyncAwait.app/TestingAsyncAwait";
			};
			name = Release;
		};
		AD24F0F92679315100CB5234 /* Debug */ = {
			isa = XCBuildConfiguration;
			buildSettings = {
				ALWAYS_EMBED_SWIFT_STANDARD_LIBRARIES = YES;
				CODE_SIGN_STYLE = Automatic;
				CURRENT_PROJECT_VERSION = 1;
				DEVELOPMENT_TEAM = K9T2L78MAL;
				GENERATE_INFOPLIST_FILE = YES;
				LD_RUNPATH_SEARCH_PATHS = (
					"$(inherited)",
					"@executable_path/Frameworks",
					"@loader_path/Frameworks",
				);
				MARKETING_VERSION = 1.0;
				PRODUCT_BUNDLE_IDENTIFIER = com.wwt.TestingAsyncAwaitUITests;
				PRODUCT_NAME = "$(TARGET_NAME)";
				SWIFT_EMIT_LOC_STRINGS = NO;
				SWIFT_VERSION = 5.0;
				TARGETED_DEVICE_FAMILY = "1,2";
				TEST_TARGET_NAME = TestingAsyncAwait;
			};
			name = Debug;
		};
		AD24F0FA2679315100CB5234 /* Release */ = {
			isa = XCBuildConfiguration;
			buildSettings = {
				ALWAYS_EMBED_SWIFT_STANDARD_LIBRARIES = YES;
				CODE_SIGN_STYLE = Automatic;
				CURRENT_PROJECT_VERSION = 1;
				DEVELOPMENT_TEAM = K9T2L78MAL;
				GENERATE_INFOPLIST_FILE = YES;
				LD_RUNPATH_SEARCH_PATHS = (
					"$(inherited)",
					"@executable_path/Frameworks",
					"@loader_path/Frameworks",
				);
				MARKETING_VERSION = 1.0;
				PRODUCT_BUNDLE_IDENTIFIER = com.wwt.TestingAsyncAwaitUITests;
				PRODUCT_NAME = "$(TARGET_NAME)";
				SWIFT_EMIT_LOC_STRINGS = NO;
				SWIFT_VERSION = 5.0;
				TARGETED_DEVICE_FAMILY = "1,2";
				TEST_TARGET_NAME = TestingAsyncAwait;
			};
			name = Release;
		};
/* End XCBuildConfiguration section */

/* Begin XCConfigurationList section */
		AD24F0CB2679314F00CB5234 /* Build configuration list for PBXProject "TestingAsyncAwait" */ = {
			isa = XCConfigurationList;
			buildConfigurations = (
				AD24F0F02679315100CB5234 /* Debug */,
				AD24F0F12679315100CB5234 /* Release */,
			);
			defaultConfigurationIsVisible = 0;
			defaultConfigurationName = Release;
		};
		AD24F0F22679315100CB5234 /* Build configuration list for PBXNativeTarget "TestingAsyncAwait" */ = {
			isa = XCConfigurationList;
			buildConfigurations = (
				AD24F0F32679315100CB5234 /* Debug */,
				AD24F0F42679315100CB5234 /* Release */,
			);
			defaultConfigurationIsVisible = 0;
			defaultConfigurationName = Release;
		};
		AD24F0F52679315100CB5234 /* Build configuration list for PBXNativeTarget "TestingAsyncAwaitTests" */ = {
			isa = XCConfigurationList;
			buildConfigurations = (
				AD24F0F62679315100CB5234 /* Debug */,
				AD24F0F72679315100CB5234 /* Release */,
			);
			defaultConfigurationIsVisible = 0;
			defaultConfigurationName = Release;
		};
		AD24F0F82679315100CB5234 /* Build configuration list for PBXNativeTarget "TestingAsyncAwaitUITests" */ = {
			isa = XCConfigurationList;
			buildConfigurations = (
				AD24F0F92679315100CB5234 /* Debug */,
				AD24F0FA2679315100CB5234 /* Release */,
			);
			defaultConfigurationIsVisible = 0;
			defaultConfigurationName = Release;
		};
/* End XCConfigurationList section */
	};
	rootObject = AD24F0C82679314F00CB5234 /* Project object */;
}
